<Solution>
  <Folder Name="/src/">
    <Project Path="src/Ocb.Baas/Ocb.Baas.csproj" />
    <Project Path="src/Ocb.Channels/Ocb.Channels.csproj" />
    <Project Path="src/Ocb.Configuration/Ocb.Configuration.csproj" />
    <Project Path="src/Ocb.Contracts/Ocb.Contracts.csproj" />
    <Project Path="src/Ocb.Core/Ocb.Core.csproj" />
    <Project Path="src/Ocb.Fusion/Ocb.Fusion.csproj" />
    <Project Path="src/Ocb.Gateway/Ocb.Gateway.csproj" />
    <Project Path="src/Ocb.Infrastructure.Vector/Ocb.Infrastructure.Vector.csproj" />
    <Project Path="src/Ocb.Infrastructure.PostgreSql/Ocb.Infrastructure.PostgreSql.csproj" />
    <Project Path="src/Ocb.PluginApi/Ocb.PluginApi.csproj" />
    <Project Path="src/Ocb.Plugins.Crypto.SM4/Ocb.Plugins.Crypto.SM4.csproj" />
    <Project Path="src/Ocb.Plugins.Sandbox.Docker/Ocb.Plugins.Sandbox.Docker.csproj" />
    <Project Path="src/Ocb.Plugins.Sandbox.K8s/Ocb.Plugins.Sandbox.K8s.csproj" />
  </Folder>
  <Folder Name="/tests/">
    <Project Path="tests/Ocb.Architecture.Tests/Ocb.Architecture.Tests.csproj" />
    <Project Path="tests/Ocb.Baas.Contracts.Tests/Ocb.Baas.Contracts.Tests.csproj" />
    <Project Path="tests/Ocb.Baas.Core.Tests/Ocb.Baas.Core.Tests.csproj" />
    <Project Path="tests/Ocb.Baas.EndToEnd.Tests/Ocb.Baas.EndToEnd.Tests.csproj" />
    <Project Path="tests/Ocb.Baas.Provider.Conformance.Tests/Ocb.Baas.Provider.Conformance.Tests.csproj" />
    <Project Path="tests/Ocb.Channels.Tests/Ocb.Channels.Tests.csproj" />
    <Project Path="tests/Ocb.Contracts.Tests/Ocb.Contracts.Tests.csproj" />
    <Project Path="tests/Ocb.Fusion.Tests/Ocb.Fusion.Tests.csproj" />
    <Project Path="tests/Ocb.Gateway.Tests/Ocb.Gateway.Tests.csproj" />
    <Project Path="tests/Ocb.Infrastructure.Tests/Ocb.Infrastructure.Tests.csproj" />
  </Folder>
</Solution>
